
Microsoft Visual Studio Solution File, Format Version 12.00
# Visual Studio Version 16
VisualStudioVersion = 16.0.31702.278
MinimumVisualStudioVersion = 10.0.40219.1
Project("{FAE04EC0-301F-11D3-BF4B-00C04F79EFBC}") = "Movies", "Movies\Movies.csproj", "{583F7085-BF54-47D3-8E17-7C27DC3C4950}"
EndProject
Global
	GlobalSection(SolutionConfigurationPlatforms) = preSolution
		Debug|Any CPU = Debug|Any CPU
		Release|Any CPU = Release|Any CPU
	EndGlobalSection
	GlobalSection(ProjectConfigurationPlatforms) = postSolution
		{583F7085-BF54-47D3-8E17-7C27DC3C4950}.Debug|Any CPU.ActiveCfg = Debug|Any CPU
		{583F7085-BF54-47D3-8E17-7C27DC3C4950}.Debug|Any CPU.Build.0 = Debug|Any CPU
		{583F7085-BF54-47D3-8E17-7C27DC3C4950}.Release|Any CPU.ActiveCfg = Release|Any CPU
		{583F7085-BF54-47D3-8E17-7C27DC3C4950}.Release|Any CPU.Build.0 = Release|Any CPU
	EndGlobalSection
	GlobalSection(SolutionProperties) = preSolution
		HideSolutionNode = FALSE
	EndGlobalSection
	GlobalSection(ExtensibilityGlobals) = postSolution
		SolutionGuid = {E17E6A51-5CD5-4A5C-899B-6DB20D519B96}
	EndGlobalSection
EndGlobal
